
Microsoft Visual Studio Solution File, Format Version 12.00
# Visual Studio 2013
VisualStudioVersion = 12.0.31101.0
MinimumVisualStudioVersion = 10.0.40219.1
Project("{FAE04EC0-301F-11D3-BF4B-00C04F79EFBC}") = "ACCDataStore.Web", "ACCDataStore.Web\ACCDataStore.Web.csproj", "{C16B0BC2-4EB7-4A5B-96AE-ED7774AC0EE4}"
EndProject
Project("{FAE04EC0-301F-11D3-BF4B-00C04F79EFBC}") = "ACCDataStore.Entity", "ACCDataStore.Entity\ACCDataStore.Entity.csproj", "{8A578AE3-A65B-4EBF-AFD0-458C455C408A}"
EndProject
Project("{FAE04EC0-301F-11D3-BF4B-00C04F79EFBC}") = "ACCDataStore.Repository", "ACCDataStore.Repository\ACCDataStore.Repository.csproj", "{8C8CC883-DC02-419F-8160-B9DD8A8AE273}"
EndProject
Project("{FAE04EC0-301F-11D3-BF4B-00C04F79EFBC}") = "ACCDataStore.Core", "ACCDataStore.Core\ACCDataStore.Core.csproj", "{1089DBBB-7B0B-482B-AAE0-D40CC98D8D75}"
EndProject
Project("{FAE04EC0-301F-11D3-BF4B-00C04F79EFBC}") = "ACCDataStore.DatahubSummaryGenerator", "DatahubDataSummaryGenerator\ACCDataStore.DatahubSummaryGenerator.csproj", "{3DD4FD8E-BE5F-4A6B-B201-AA7A55F14868}"
EndProject
Project("{FAE04EC0-301F-11D3-BF4B-00C04F79EFBC}") = "ACCDataStore.Entity.RenderObject", "ACCDataStore.Entity.RenderObject\ACCDataStore.Entity.RenderObject.csproj", "{88628C45-BFD4-4AB4-B356-8A7BD1306CAB}"
EndProject
Global
	GlobalSection(SolutionConfigurationPlatforms) = preSolution
		Debug|Any CPU = Debug|Any CPU
		Release|Any CPU = Release|Any CPU
	EndGlobalSection
	GlobalSection(ProjectConfigurationPlatforms) = postSolution
		{C16B0BC2-4EB7-4A5B-96AE-ED7774AC0EE4}.Debug|Any CPU.ActiveCfg = Debug|Any CPU
		{C16B0BC2-4EB7-4A5B-96AE-ED7774AC0EE4}.Debug|Any CPU.Build.0 = Debug|Any CPU
		{C16B0BC2-4EB7-4A5B-96AE-ED7774AC0EE4}.Release|Any CPU.ActiveCfg = Release|Any CPU
		{C16B0BC2-4EB7-4A5B-96AE-ED7774AC0EE4}.Release|Any CPU.Build.0 = Release|Any CPU
		{8A578AE3-A65B-4EBF-AFD0-458C455C408A}.Debug|Any CPU.ActiveCfg = Debug|Any CPU
		{8A578AE3-A65B-4EBF-AFD0-458C455C408A}.Debug|Any CPU.Build.0 = Debug|Any CPU
		{8A578AE3-A65B-4EBF-AFD0-458C455C408A}.Release|Any CPU.ActiveCfg = Release|Any CPU
		{8A578AE3-A65B-4EBF-AFD0-458C455C408A}.Release|Any CPU.Build.0 = Release|Any CPU
		{8C8CC883-DC02-419F-8160-B9DD8A8AE273}.Debug|Any CPU.ActiveCfg = Debug|Any CPU
		{8C8CC883-DC02-419F-8160-B9DD8A8AE273}.Debug|Any CPU.Build.0 = Debug|Any CPU
		{8C8CC883-DC02-419F-8160-B9DD8A8AE273}.Release|Any CPU.ActiveCfg = Release|Any CPU
		{8C8CC883-DC02-419F-8160-B9DD8A8AE273}.Release|Any CPU.Build.0 = Release|Any CPU
		{1089DBBB-7B0B-482B-AAE0-D40CC98D8D75}.Debug|Any CPU.ActiveCfg = Debug|Any CPU
		{1089DBBB-7B0B-482B-AAE0-D40CC98D8D75}.Debug|Any CPU.Build.0 = Debug|Any CPU
		{1089DBBB-7B0B-482B-AAE0-D40CC98D8D75}.Release|Any CPU.ActiveCfg = Release|Any CPU
		{1089DBBB-7B0B-482B-AAE0-D40CC98D8D75}.Release|Any CPU.Build.0 = Release|Any CPU
		{3DD4FD8E-BE5F-4A6B-B201-AA7A55F14868}.Debug|Any CPU.ActiveCfg = Debug|Any CPU
		{3DD4FD8E-BE5F-4A6B-B201-AA7A55F14868}.Debug|Any CPU.Build.0 = Debug|Any CPU
		{3DD4FD8E-BE5F-4A6B-B201-AA7A55F14868}.Release|Any CPU.ActiveCfg = Release|Any CPU
		{3DD4FD8E-BE5F-4A6B-B201-AA7A55F14868}.Release|Any CPU.Build.0 = Release|Any CPU
		{88628C45-BFD4-4AB4-B356-8A7BD1306CAB}.Debug|Any CPU.ActiveCfg = Debug|Any CPU
		{88628C45-BFD4-4AB4-B356-8A7BD1306CAB}.Debug|Any CPU.Build.0 = Debug|Any CPU
		{88628C45-BFD4-4AB4-B356-8A7BD1306CAB}.Release|Any CPU.ActiveCfg = Release|Any CPU
		{88628C45-BFD4-4AB4-B356-8A7BD1306CAB}.Release|Any CPU.Build.0 = Release|Any CPU
	EndGlobalSection
	GlobalSection(SolutionProperties) = preSolution
		HideSolutionNode = FALSE
	EndGlobalSection
EndGlobal
